
Microsoft Visual Studio Solution File, Format Version 12.00
# Visual Studio Version 16
VisualStudioVersion = 16.0.32228.343
MinimumVisualStudioVersion = 10.0.40219.1
Project("{FAE04EC0-301F-11D3-BF4B-00C04F79EFBC}") = "BTL_QuanLyBanHang", "BTL_QuanLyBanHang\BTL_QuanLyBanHang.csproj", "{90BEEC3F-12A3-4345-8410-7AC83F328CAC}"
EndProject
Global
	GlobalSection(SolutionConfigurationPlatforms) = preSolution
		Debug|Any CPU = Debug|Any CPU
		Release|Any CPU = Release|Any CPU
	EndGlobalSection
	GlobalSection(ProjectConfigurationPlatforms) = postSolution
		{90BEEC3F-12A3-4345-8410-7AC83F328CAC}.Debug|Any CPU.ActiveCfg = Debug|Any CPU
		{90BEEC3F-12A3-4345-8410-7AC83F328CAC}.Debug|Any CPU.Build.0 = Debug|Any CPU
		{90BEEC3F-12A3-4345-8410-7AC83F328CAC}.Release|Any CPU.ActiveCfg = Release|Any CPU
		{90BEEC3F-12A3-4345-8410-7AC83F328CAC}.Release|Any CPU.Build.0 = Release|Any CPU
	EndGlobalSection
	GlobalSection(SolutionProperties) = preSolution
		HideSolutionNode = FALSE
	EndGlobalSection
	GlobalSection(ExtensibilityGlobals) = postSolution
		SolutionGuid = {2F51AA60-A06B-4086-B68F-4D5E9BBDCDB2}
	EndGlobalSection
EndGlobal
